// !$*UTF8*$!
{
	archiveVersion = 1;
	classes = {
	};
	objectVersion = 55;
	objects = {

/* Begin PBXBuildFile section */
		4B23567427F1918D006D02A1 /* FruitHeaderView.swift in Sources */ = {isa = PBXBuildFile; fileRef = 4B23567327F1918D006D02A1 /* FruitHeaderView.swift */; };
		4B45E44827F060910040C0EC /* FruitRowView.swift in Sources */ = {isa = PBXBuildFile; fileRef = 4B45E44727F060910040C0EC /* FruitRowView.swift */; };
		4B57968A27F02DF8009511AA /* OnboardingView.swift in Sources */ = {isa = PBXBuildFile; fileRef = 4B57968927F02DF8009511AA /* OnboardingView.swift */; };
		4B57968E27F03273009511AA /* FruitModel.swift in Sources */ = {isa = PBXBuildFile; fileRef = 4B57968D27F03273009511AA /* FruitModel.swift */; };
		4B57969027F03465009511AA /* FruitsData.swift in Sources */ = {isa = PBXBuildFile; fileRef = 4B57968F27F03465009511AA /* FruitsData.swift */; };
		4B6B713627F4235700184E05 /* NutrientsView.swift in Sources */ = {isa = PBXBuildFile; fileRef = 4B6B713527F4235700184E05 /* NutrientsView.swift */; };
		4B70B4CC27F1B38800D208E5 /* SourceLinkView.swift in Sources */ = {isa = PBXBuildFile; fileRef = 4B70B4CB27F1B38800D208E5 /* SourceLinkView.swift */; };
		4B73675B27F178BA005DEA7C /* FruitDetailView.swift in Sources */ = {isa = PBXBuildFile; fileRef = 4B73675A27F178BA005DEA7C /* FruitDetailView.swift */; };
		4B8C28C327EEDEBD0029D805 /* FructusApp.swift in Sources */ = {isa = PBXBuildFile; fileRef = 4B8C28C227EEDEBD0029D805 /* FructusApp.swift */; };
		4B8C28C527EEDEBD0029D805 /* ContentView.swift in Sources */ = {isa = PBXBuildFile; fileRef = 4B8C28C427EEDEBD0029D805 /* ContentView.swift */; };
		4B8C28C727EEDEBF0029D805 /* Assets.xcassets in Resources */ = {isa = PBXBuildFile; fileRef = 4B8C28C627EEDEBF0029D805 /* Assets.xcassets */; };
		4B8C28CA27EEDEBF0029D805 /* Preview Assets.xcassets in Resources */ = {isa = PBXBuildFile; fileRef = 4B8C28C927EEDEBF0029D805 /* Preview Assets.xcassets */; };
		4BDF9A7D27EF066000A3461D /* FruitCardView.swift in Sources */ = {isa = PBXBuildFile; fileRef = 4BDF9A7C27EF066000A3461D /* FruitCardView.swift */; };
		4BDF9A7F27EF15DD00A3461D /* ButtonView.swift in Sources */ = {isa = PBXBuildFile; fileRef = 4BDF9A7E27EF15DD00A3461D /* ButtonView.swift */; };
		4BEB57E927F81563006E01A2 /* SettingsView.swift in Sources */ = {isa = PBXBuildFile; fileRef = 4BEB57E827F81563006E01A2 /* SettingsView.swift */; };
		4BEB57EB27F829C9006E01A2 /* SettingsLabelView.swift in Sources */ = {isa = PBXBuildFile; fileRef = 4BEB57EA27F829C9006E01A2 /* SettingsLabelView.swift */; };
/* End PBXBuildFile section */

/* Begin PBXFileReference section */
		4B23567327F1918D006D02A1 /* FruitHeaderView.swift */ = {isa = PBXFileReference; lastKnownFileType = sourcecode.swift; path = FruitHeaderView.swift; sourceTree = "<group>"; };
		4B45E44727F060910040C0EC /* FruitRowView.swift */ = {isa = PBXFileReference; lastKnownFileType = sourcecode.swift; path = FruitRowView.swift; sourceTree = "<group>"; };
		4B57968927F02DF8009511AA /* OnboardingView.swift */ = {isa = PBXFileReference; lastKnownFileType = sourcecode.swift; path = OnboardingView.swift; sourceTree = "<group>"; };
		4B57968D27F03273009511AA /* FruitModel.swift */ = {isa = PBXFileReference; lastKnownFileType = sourcecode.swift; path = FruitModel.swift; sourceTree = "<group>"; };
		4B57968F27F03465009511AA /* FruitsData.swift */ = {isa = PBXFileReference; lastKnownFileType = sourcecode.swift; path = FruitsData.swift; sourceTree = "<group>"; };
		4B6B713527F4235700184E05 /* NutrientsView.swift */ = {isa = PBXFileReference; lastKnownFileType = sourcecode.swift; path = NutrientsView.swift; sourceTree = "<group>"; };
		4B70B4CB27F1B38800D208E5 /* SourceLinkView.swift */ = {isa = PBXFileReference; lastKnownFileType = sourcecode.swift; path = SourceLinkView.swift; sourceTree = "<group>"; };
		4B73675A27F178BA005DEA7C /* FruitDetailView.swift */ = {isa = PBXFileReference; lastKnownFileType = sourcecode.swift; path = FruitDetailView.swift; sourceTree = "<group>"; };
		4B8C28BF27EEDEBD0029D805 /* Fructus.app */ = {isa = PBXFileReference; explicitFileType = wrapper.application; includeInIndex = 0; path = Fructus.app; sourceTree = BUILT_PRODUCTS_DIR; };
		4B8C28C227EEDEBD0029D805 /* FructusApp.swift */ = {isa = PBXFileReference; lastKnownFileType = sourcecode.swift; path = FructusApp.swift; sourceTree = "<group>"; };
		4B8C28C427EEDEBD0029D805 /* ContentView.swift */ = {isa = PBXFileReference; lastKnownFileType = sourcecode.swift; path = ContentView.swift; sourceTree = "<group>"; };
		4B8C28C627EEDEBF0029D805 /* Assets.xcassets */ = {isa = PBXFileReference; lastKnownFileType = folder.assetcatalog; path = Assets.xcassets; sourceTree = "<group>"; };
		4B8C28C927EEDEBF0029D805 /* Preview Assets.xcassets */ = {isa = PBXFileReference; lastKnownFileType = folder.assetcatalog; path = "Preview Assets.xcassets"; sourceTree = "<group>"; };
		4BDF9A7C27EF066000A3461D /* FruitCardView.swift */ = {isa = PBXFileReference; lastKnownFileType = sourcecode.swift; path = FruitCardView.swift; sourceTree = "<group>"; };
		4BDF9A7E27EF15DD00A3461D /* ButtonView.swift */ = {isa = PBXFileReference; lastKnownFileType = sourcecode.swift; path = ButtonView.swift; sourceTree = "<group>"; };
		4BEB57E827F81563006E01A2 /* SettingsView.swift */ = {isa = PBXFileReference; lastKnownFileType = sourcecode.swift; path = SettingsView.swift; sourceTree = "<group>"; };
		4BEB57EA27F829C9006E01A2 /* SettingsLabelView.swift */ = {isa = PBXFileReference; lastKnownFileType = sourcecode.swift; path = SettingsLabelView.swift; sourceTree = "<group>"; };
/* End PBXFileReference section */

/* Begin PBXFrameworksBuildPhase section */
		4B8C28BC27EEDEBD0029D805 /* Frameworks */ = {
			isa = PBXFrameworksBuildPhase;
			buildActionMask = 2147483647;
			files = (
			);
			runOnlyForDeploymentPostprocessing = 0;
		};
/* End PBXFrameworksBuildPhase section */

/* Begin PBXGroup section */
		4B57968B27F0320C009511AA /* Data */ = {
			isa = PBXGroup;
			children = (
				4B57968F27F03465009511AA /* FruitsData.swift */,
			);
			path = Data;
			sourceTree = "<group>";
		};
		4B57968C27F0321D009511AA /* Model */ = {
			isa = PBXGroup;
			children = (
				4B57968D27F03273009511AA /* FruitModel.swift */,
			);
			path = Model;
			sourceTree = "<group>";
		};
		4B8C28B627EEDEBD0029D805 = {
			isa = PBXGroup;
			children = (
				4B8C28C127EEDEBD0029D805 /* Fructus */,
				4B8C28C027EEDEBD0029D805 /* Products */,
			);
			sourceTree = "<group>";
		};
		4B8C28C027EEDEBD0029D805 /* Products */ = {
			isa = PBXGroup;
			children = (
				4B8C28BF27EEDEBD0029D805 /* Fructus.app */,
			);
			name = Products;
			sourceTree = "<group>";
		};
		4B8C28C127EEDEBD0029D805 /* Fructus */ = {
			isa = PBXGroup;
			children = (
				4B57968C27F0321D009511AA /* Model */,
				4B57968B27F0320C009511AA /* Data */,
				4BDF9A7B27EF063800A3461D /* View */,
				4BDF9A7A27EF05DD00A3461D /* App */,
				4B8C28C627EEDEBF0029D805 /* Assets.xcassets */,
				4B8C28C827EEDEBF0029D805 /* Preview Content */,
			);
			path = Fructus;
			sourceTree = "<group>";
		};
		4B8C28C827EEDEBF0029D805 /* Preview Content */ = {
			isa = PBXGroup;
			children = (
				4B8C28C927EEDEBF0029D805 /* Preview Assets.xcassets */,
			);
			path = "Preview Content";
			sourceTree = "<group>";
		};
		4BDF9A7A27EF05DD00A3461D /* App */ = {
			isa = PBXGroup;
			children = (
				4B8C28C227EEDEBD0029D805 /* FructusApp.swift */,
				4B8C28C427EEDEBD0029D805 /* ContentView.swift */,
				4B57968927F02DF8009511AA /* OnboardingView.swift */,
				4B73675A27F178BA005DEA7C /* FruitDetailView.swift */,
				4BEB57E827F81563006E01A2 /* SettingsView.swift */,
			);
			name = App;
			sourceTree = "<group>";
		};
		4BDF9A7B27EF063800A3461D /* View */ = {
			isa = PBXGroup;
			children = (
				4BDF9A7C27EF066000A3461D /* FruitCardView.swift */,
				4BDF9A7E27EF15DD00A3461D /* ButtonView.swift */,
				4B45E44727F060910040C0EC /* FruitRowView.swift */,
				4B23567327F1918D006D02A1 /* FruitHeaderView.swift */,
				4B70B4CB27F1B38800D208E5 /* SourceLinkView.swift */,
				4B6B713527F4235700184E05 /* NutrientsView.swift */,
				4BEB57EA27F829C9006E01A2 /* SettingsLabelView.swift */,
			);
			path = View;
			sourceTree = "<group>";
		};
/* End PBXGroup section */

/* Begin PBXNativeTarget section */
		4B8C28BE27EEDEBD0029D805 /* Fructus */ = {
			isa = PBXNativeTarget;
			buildConfigurationList = 4B8C28CD27EEDEBF0029D805 /* Build configuration list for PBXNativeTarget "Fructus" */;
			buildPhases = (
				4B8C28BB27EEDEBD0029D805 /* Sources */,
				4B8C28BC27EEDEBD0029D805 /* Frameworks */,
				4B8C28BD27EEDEBD0029D805 /* Resources */,
			);
			buildRules = (
			);
			dependencies = (
			);
			name = Fructus;
			productName = Fructus;
			productReference = 4B8C28BF27EEDEBD0029D805 /* Fructus.app */;
			productType = "com.apple.product-type.application";
		};
/* End PBXNativeTarget section */

/* Begin PBXProject section */
		4B8C28B727EEDEBD0029D805 /* Project object */ = {
			isa = PBXProject;
			attributes = {
				BuildIndependentTargetsInParallel = 1;
				LastSwiftUpdateCheck = 1330;
				LastUpgradeCheck = 1330;
				TargetAttributes = {
					4B8C28BE27EEDEBD0029D805 = {
						CreatedOnToolsVersion = 13.3;
					};
				};
			};
			buildConfigurationList = 4B8C28BA27EEDEBD0029D805 /* Build configuration list for PBXProject "Fructus" */;
			compatibilityVersion = "Xcode 13.0";
			developmentRegion = en;
			hasScannedForEncodings = 0;
			knownRegions = (
				en,
				Base,
			);
			mainGroup = 4B8C28B627EEDEBD0029D805;
			productRefGroup = 4B8C28C027EEDEBD0029D805 /* Products */;
			projectDirPath = "";
			projectRoot = "";
			targets = (
				4B8C28BE27EEDEBD0029D805 /* Fructus */,
			);
		};
/* End PBXProject section */

/* Begin PBXResourcesBuildPhase section */
		4B8C28BD27EEDEBD0029D805 /* Resources */ = {
			isa = PBXResourcesBuildPhase;
			buildActionMask = 2147483647;
			files = (
				4B8C28CA27EEDEBF0029D805 /* Preview Assets.xcassets in Resources */,
				4B8C28C727EEDEBF0029D805 /* Assets.xcassets in Resources */,
			);
			runOnlyForDeploymentPostprocessing = 0;
		};
/* End PBXResourcesBuildPhase section */

/* Begin PBXSourcesBuildPhase section */
		4B8C28BB27EEDEBD0029D805 /* Sources */ = {
			isa = PBXSourcesBuildPhase;
			buildActionMask = 2147483647;
			files = (
				4BDF9A7D27EF066000A3461D /* FruitCardView.swift in Sources */,
				4B6B713627F4235700184E05 /* NutrientsView.swift in Sources */,
				4B70B4CC27F1B38800D208E5 /* SourceLinkView.swift in Sources */,
				4B8C28C527EEDEBD0029D805 /* ContentView.swift in Sources */,
				4B45E44827F060910040C0EC /* FruitRowView.swift in Sources */,
				4BDF9A7F27EF15DD00A3461D /* ButtonView.swift in Sources */,
				4B73675B27F178BA005DEA7C /* FruitDetailView.swift in Sources */,
				4B57968A27F02DF8009511AA /* OnboardingView.swift in Sources */,
				4B23567427F1918D006D02A1 /* FruitHeaderView.swift in Sources */,
				4B57969027F03465009511AA /* FruitsData.swift in Sources */,
				4BEB57EB27F829C9006E01A2 /* SettingsLabelView.swift in Sources */,
				4B57968E27F03273009511AA /* FruitModel.swift in Sources */,
				4B8C28C327EEDEBD0029D805 /* FructusApp.swift in Sources */,
				4BEB57E927F81563006E01A2 /* SettingsView.swift in Sources */,
			);
			runOnlyForDeploymentPostprocessing = 0;
		};
/* End PBXSourcesBuildPhase section */

/* Begin XCBuildConfiguration section */
		4B8C28CB27EEDEBF0029D805 /* Debug */ = {
			isa = XCBuildConfiguration;
			buildSettings = {
				ALWAYS_SEARCH_USER_PATHS = NO;
				CLANG_ANALYZER_NONNULL = YES;
				CLANG_ANALYZER_NUMBER_OBJECT_CONVERSION = YES_AGGRESSIVE;
				CLANG_CXX_LANGUAGE_STANDARD = "gnu++17";
				CLANG_ENABLE_MODULES = YES;
				CLANG_ENABLE_OBJC_ARC = YES;
				CLANG_ENABLE_OBJC_WEAK = YES;
				CLANG_WARN_BLOCK_CAPTURE_AUTORELEASING = YES;
				CLANG_WARN_BOOL_CONVERSION = YES;
				CLANG_WARN_COMMA = YES;
				CLANG_WARN_CONSTANT_CONVERSION = YES;
				CLANG_WARN_DEPRECATED_OBJC_IMPLEMENTATIONS = YES;
				CLANG_WARN_DIRECT_OBJC_ISA_USAGE = YES_ERROR;
				CLANG_WARN_DOCUMENTATION_COMMENTS = YES;
				CLANG_WARN_EMPTY_BODY = YES;
				CLANG_WARN_ENUM_CONVERSION = YES;
				CLANG_WARN_INFINITE_RECURSION = YES;
				CLANG_WARN_INT_CONVERSION = YES;
				CLANG_WARN_NON_LITERAL_NULL_CONVERSION = YES;
				CLANG_WARN_OBJC_IMPLICIT_RETAIN_SELF = YES;
				CLANG_WARN_OBJC_LITERAL_CONVERSION = YES;
				CLANG_WARN_OBJC_ROOT_CLASS = YES_ERROR;
				CLANG_WARN_QUOTED_INCLUDE_IN_FRAMEWORK_HEADER = YES;
				CLANG_WARN_RANGE_LOOP_ANALYSIS = YES;
				CLANG_WARN_STRICT_PROTOTYPES = YES;
				CLANG_WARN_SUSPICIOUS_MOVE = YES;
				CLANG_WARN_UNGUARDED_AVAILABILITY = YES_AGGRESSIVE;
				CLANG_WARN_UNREACHABLE_CODE = YES;
				CLANG_WARN__DUPLICATE_METHOD_MATCH = YES;
				COPY_PHASE_STRIP = NO;
				DEBUG_INFORMATION_FORMAT = dwarf;
				ENABLE_STRICT_OBJC_MSGSEND = YES;
				ENABLE_TESTABILITY = YES;
				GCC_C_LANGUAGE_STANDARD = gnu11;
				GCC_DYNAMIC_NO_PIC = NO;
				GCC_NO_COMMON_BLOCKS = YES;
				GCC_OPTIMIZATION_LEVEL = 0;
				GCC_PREPROCESSOR_DEFINITIONS = (
					"DEBUG=1",
					"$(inherited)",
				);
				GCC_WARN_64_TO_32_BIT_CONVERSION = YES;
				GCC_WARN_ABOUT_RETURN_TYPE = YES_ERROR;
				GCC_WARN_UNDECLARED_SELECTOR = YES;
				GCC_WARN_UNINITIALIZED_AUTOS = YES_AGGRESSIVE;
				GCC_WARN_UNUSED_FUNCTION = YES;
				GCC_WARN_UNUSED_VARIABLE = YES;
				IPHONEOS_DEPLOYMENT_TARGET = 15.4;
				MTL_ENABLE_DEBUG_INFO = INCLUDE_SOURCE;
				MTL_FAST_MATH = YES;
				ONLY_ACTIVE_ARCH = YES;
				SDKROOT = iphoneos;
				SWIFT_ACTIVE_COMPILATION_CONDITIONS = DEBUG;
				SWIFT_OPTIMIZATION_LEVEL = "-Onone";
			};
			name = Debug;
		};
		4B8C28CC27EEDEBF0029D805 /* Release */ = {
			isa = XCBuildConfiguration;
			buildSettings = {
				ALWAYS_SEARCH_USER_PATHS = NO;
				CLANG_ANALYZER_NONNULL = YES;
				CLANG_ANALYZER_NUMBER_OBJECT_CONVERSION = YES_AGGRESSIVE;
				CLANG_CXX_LANGUAGE_STANDARD = "gnu++17";
				CLANG_ENABLE_MODULES = YES;
				CLANG_ENABLE_OBJC_ARC = YES;
				CLANG_ENABLE_OBJC_WEAK = YES;
				CLANG_WARN_BLOCK_CAPTURE_AUTORELEASING = YES;
				CLANG_WARN_BOOL_CONVERSION = YES;
				CLANG_WARN_COMMA = YES;
				CLANG_WARN_CONSTANT_CONVERSION = YES;
				CLANG_WARN_DEPRECATED_OBJC_IMPLEMENTATIONS = YES;
				CLANG_WARN_DIRECT_OBJC_ISA_USAGE = YES_ERROR;
				CLANG_WARN_DOCUMENTATION_COMMENTS = YES;
				CLANG_WARN_EMPTY_BODY = YES;
				CLANG_WARN_ENUM_CONVERSION = YES;
				CLANG_WARN_INFINITE_RECURSION = YES;
				CLANG_WARN_INT_CONVERSION = YES;
				CLANG_WARN_NON_LITERAL_NULL_CONVERSION = YES;
				CLANG_WARN_OBJC_IMPLICIT_RETAIN_SELF = YES;
				CLANG_WARN_OBJC_LITERAL_CONVERSION = YES;
				CLANG_WARN_OBJC_ROOT_CLASS = YES_ERROR;
				CLANG_WARN_QUOTED_INCLUDE_IN_FRAMEWORK_HEADER = YES;
				CLANG_WARN_RANGE_LOOP_ANALYSIS = YES;
				CLANG_WARN_STRICT_PROTOTYPES = YES;
				CLANG_WARN_SUSPICIOUS_MOVE = YES;
				CLANG_WARN_UNGUARDED_AVAILABILITY = YES_AGGRESSIVE;
				CLANG_WARN_UNREACHABLE_CODE = YES;
				CLANG_WARN__DUPLICATE_METHOD_MATCH = YES;
				COPY_PHASE_STRIP = NO;
				DEBUG_INFORMATION_FORMAT = "dwarf-with-dsym";
				ENABLE_NS_ASSERTIONS = NO;
				ENABLE_STRICT_OBJC_MSGSEND = YES;
				GCC_C_LANGUAGE_STANDARD = gnu11;
				GCC_NO_COMMON_BLOCKS = YES;
				GCC_WARN_64_TO_32_BIT_CONVERSION = YES;
				GCC_WARN_ABOUT_RETURN_TYPE = YES_ERROR;
				GCC_WARN_UNDECLARED_SELECTOR = YES;
				GCC_WARN_UNINITIALIZED_AUTOS = YES_AGGRESSIVE;
				GCC_WARN_UNUSED_FUNCTION = YES;
				GCC_WARN_UNUSED_VARIABLE = YES;
				IPHONEOS_DEPLOYMENT_TARGET = 15.4;
				MTL_ENABLE_DEBUG_INFO = NO;
				MTL_FAST_MATH = YES;
				SDKROOT = iphoneos;
				SWIFT_COMPILATION_MODE = wholemodule;
				SWIFT_OPTIMIZATION_LEVEL = "-O";
				VALIDATE_PRODUCT = YES;
			};
			name = Release;
		};
		4B8C28CE27EEDEBF0029D805 /* Debug */ = {
			isa = XCBuildConfiguration;
			buildSettings = {
				ASSETCATALOG_COMPILER_APPICON_NAME = AppIcon;
				ASSETCATALOG_COMPILER_GLOBAL_ACCENT_COLOR_NAME = AccentColor;
				ASSETCATALOG_COMPILER_INCLUDE_ALL_APPICON_ASSETS = NO;
				CODE_SIGN_STYLE = Automatic;
				CURRENT_PROJECT_VERSION = 1;
				DEVELOPMENT_ASSET_PATHS = "\"Fructus/Preview Content\"";
				ENABLE_PREVIEWS = YES;
				GENERATE_INFOPLIST_FILE = YES;
				INFOPLIST_KEY_UIApplicationSceneManifest_Generation = YES;
				INFOPLIST_KEY_UIApplicationSupportsIndirectInputEvents = YES;
				INFOPLIST_KEY_UILaunchScreen_Generation = YES;
				INFOPLIST_KEY_UISupportedInterfaceOrientations = UIInterfaceOrientationPortrait;
				INFOPLIST_KEY_UISupportedInterfaceOrientations_iPad = "UIInterfaceOrientationPortrait UIInterfaceOrientationPortraitUpsideDown UIInterfaceOrientationLandscapeLeft UIInterfaceOrientationLandscapeRight";
				INFOPLIST_KEY_UISupportedInterfaceOrientations_iPhone = "UIInterfaceOrientationPortrait UIInterfaceOrientationLandscapeLeft UIInterfaceOrientationLandscapeRight";
				LD_RUNPATH_SEARCH_PATHS = (
					"$(inherited)",
					"@executable_path/Frameworks",
				);
				MARKETING_VERSION = 1.0;
				PRODUCT_BUNDLE_IDENTIFIER = com.vlsss.Fructus;
				PRODUCT_NAME = "$(TARGET_NAME)";
				SWIFT_EMIT_LOC_STRINGS = YES;
				SWIFT_VERSION = 5.0;
				TARGETED_DEVICE_FAMILY = "1,2";
			};
			name = Debug;
		};
		4B8C28CF27EEDEBF0029D805 /* Release */ = {
			isa = XCBuildConfiguration;
			buildSettings = {
				ASSETCATALOG_COMPILER_APPICON_NAME = AppIcon;
				ASSETCATALOG_COMPILER_GLOBAL_ACCENT_COLOR_NAME = AccentColor;
				ASSETCATALOG_COMPILER_INCLUDE_ALL_APPICON_ASSETS = NO;
				CODE_SIGN_STYLE = Automatic;
				CURRENT_PROJECT_VERSION = 1;
				DEVELOPMENT_ASSET_PATHS = "\"Fructus/Preview Content\"";
				ENABLE_PREVIEWS = YES;
				GENERATE_INFOPLIST_FILE = YES;
				INFOPLIST_KEY_UIApplicationSceneManifest_Generation = YES;
				INFOPLIST_KEY_UIApplicationSupportsIndirectInputEvents = YES;
				INFOPLIST_KEY_UILaunchScreen_Generation = YES;
				INFOPLIST_KEY_UISupportedInterfaceOrientations = UIInterfaceOrientationPortrait;
				INFOPLIST_KEY_UISupportedInterfaceOrientations_iPad = "UIInterfaceOrientationPortrait UIInterfaceOrientationPortraitUpsideDown UIInterfaceOrientationLandscapeLeft UIInterfaceOrientationLandscapeRight";
				INFOPLIST_KEY_UISupportedInterfaceOrientations_iPhone = "UIInterfaceOrientationPortrait UIInterfaceOrientationLandscapeLeft UIInterfaceOrientationLandscapeRight";
				LD_RUNPATH_SEARCH_PATHS = (
					"$(inherited)",
					"@executable_path/Frameworks",
				);
				MARKETING_VERSION = 1.0;
				PRODUCT_BUNDLE_IDENTIFIER = com.vlsss.Fructus;
				PRODUCT_NAME = "$(TARGET_NAME)";
				SWIFT_EMIT_LOC_STRINGS = YES;
				SWIFT_VERSION = 5.0;
				TARGETED_DEVICE_FAMILY = "1,2";
			};
			name = Release;
		};
/* End XCBuildConfiguration section */

/* Begin XCConfigurationList section */
		4B8C28BA27EEDEBD0029D805 /* Build configuration list for PBXProject "Fructus" */ = {
			isa = XCConfigurationList;
			buildConfigurations = (
				4B8C28CB27EEDEBF0029D805 /* Debug */,
				4B8C28CC27EEDEBF0029D805 /* Release */,
			);
			defaultConfigurationIsVisible = 0;
			defaultConfigurationName = Release;
		};
		4B8C28CD27EEDEBF0029D805 /* Build configuration list for PBXNativeTarget "Fructus" */ = {
			isa = XCConfigurationList;
			buildConfigurations = (
				4B8C28CE27EEDEBF0029D805 /* Debug */,
				4B8C28CF27EEDEBF0029D805 /* Release */,
			);
			defaultConfigurationIsVisible = 0;
			defaultConfigurationName = Release;
		};
/* End XCConfigurationList section */
	};
	rootObject = 4B8C28B727EEDEBD0029D805 /* Project object */;
}
